
Microsoft Visual Studio Solution File, Format Version 12.00
# Visual Studio 2012
Project("{FAE04EC0-301F-11D3-BF4B-00C04F79EFBC}") = "ClassLibrary1", "ClassLibrary1\ClassLibrary1.csproj", "{08B94ACE-B073-4C75-B1D6-288810A7EB3E}"
EndProject
Project("{FAE04EC0-301F-11D3-BF4B-00C04F79EFBC}") = "TestDGT", "ConsoleApplication1\TestDGT.csproj", "{6C3BED78-6AC7-43CE-B41D-6B9783B5EA08}"
EndProject
Global
	GlobalSection(SolutionConfigurationPlatforms) = preSolution
		Debug|Any CPU = Debug|Any CPU
		Release|Any CPU = Release|Any CPU
	EndGlobalSection
	GlobalSection(ProjectConfigurationPlatforms) = postSolution
		{08B94ACE-B073-4C75-B1D6-288810A7EB3E}.Debug|Any CPU.ActiveCfg = Debug|Any CPU
		{08B94ACE-B073-4C75-B1D6-288810A7EB3E}.Debug|Any CPU.Build.0 = Debug|Any CPU
		{08B94ACE-B073-4C75-B1D6-288810A7EB3E}.Release|Any CPU.ActiveCfg = Release|Any CPU
		{08B94ACE-B073-4C75-B1D6-288810A7EB3E}.Release|Any CPU.Build.0 = Release|Any CPU
		{6C3BED78-6AC7-43CE-B41D-6B9783B5EA08}.Debug|Any CPU.ActiveCfg = Debug|Any CPU
		{6C3BED78-6AC7-43CE-B41D-6B9783B5EA08}.Debug|Any CPU.Build.0 = Debug|Any CPU
		{6C3BED78-6AC7-43CE-B41D-6B9783B5EA08}.Release|Any CPU.ActiveCfg = Release|Any CPU
		{6C3BED78-6AC7-43CE-B41D-6B9783B5EA08}.Release|Any CPU.Build.0 = Release|Any CPU
	EndGlobalSection
	GlobalSection(SolutionProperties) = preSolution
		HideSolutionNode = FALSE
	EndGlobalSection
EndGlobal
